
Microsoft Visual Studio Solution File, Format Version 12.00
Project("{FAE04EC0-301F-11D3-BF4B-00C04F79EFBC}") = "DestroyHangfireLocks", "DestroyHangfireLocks\DestroyHangfireLocks.csproj", "{C61357D1-62A4-4925-95E8-CBB7E138D4EF}"
EndProject
Global
	GlobalSection(SolutionConfigurationPlatforms) = preSolution
		Debug|Any CPU = Debug|Any CPU
		Release|Any CPU = Release|Any CPU
	EndGlobalSection
	GlobalSection(ProjectConfigurationPlatforms) = postSolution
		{C61357D1-62A4-4925-95E8-CBB7E138D4EF}.Debug|Any CPU.ActiveCfg = Debug|Any CPU
		{C61357D1-62A4-4925-95E8-CBB7E138D4EF}.Debug|Any CPU.Build.0 = Debug|Any CPU
		{C61357D1-62A4-4925-95E8-CBB7E138D4EF}.Release|Any CPU.ActiveCfg = Release|Any CPU
		{C61357D1-62A4-4925-95E8-CBB7E138D4EF}.Release|Any CPU.Build.0 = Release|Any CPU
	EndGlobalSection
EndGlobal
